
Microsoft Visual Studio Solution File, Format Version 12.00
# Visual Studio 2012
Project("{FAE04EC0-301F-11D3-BF4B-00C04F79EFBC}") = "BSPVirtualLoader", "BSPVirtualLoader\BSPVirtualLoader.csproj", "{2205A4D5-4DA2-41AD-909E-EAF095AF6BE6}"
EndProject
Project("{FAE04EC0-301F-11D3-BF4B-00C04F79EFBC}") = "BSPTest", "..\..\..\Projects\BSPTest\BSPTest\BSPTest.csproj", "{40D01DD9-7A4C-4E5B-969C-D11F1172BC0E}"
EndProject
Global
	GlobalSection(SolutionConfigurationPlatforms) = preSolution
		Debug|Any CPU = Debug|Any CPU
		Release|Any CPU = Release|Any CPU
		Debug|x86 = Debug|x86
		Release|x86 = Release|x86
	EndGlobalSection
	GlobalSection(ProjectConfigurationPlatforms) = postSolution
		{2205A4D5-4DA2-41AD-909E-EAF095AF6BE6}.Debug|Any CPU.ActiveCfg = Debug|Any CPU
		{2205A4D5-4DA2-41AD-909E-EAF095AF6BE6}.Debug|Any CPU.Build.0 = Debug|Any CPU
		{2205A4D5-4DA2-41AD-909E-EAF095AF6BE6}.Debug|x86.ActiveCfg = Debug|Any CPU
		{2205A4D5-4DA2-41AD-909E-EAF095AF6BE6}.Debug|x86.Build.0 = Debug|Any CPU
		{2205A4D5-4DA2-41AD-909E-EAF095AF6BE6}.Release|Any CPU.ActiveCfg = Release|Any CPU
		{2205A4D5-4DA2-41AD-909E-EAF095AF6BE6}.Release|Any CPU.Build.0 = Release|Any CPU
		{2205A4D5-4DA2-41AD-909E-EAF095AF6BE6}.Release|x86.ActiveCfg = Release|Any CPU
		{2205A4D5-4DA2-41AD-909E-EAF095AF6BE6}.Release|x86.Build.0 = Release|Any CPU
		{40D01DD9-7A4C-4E5B-969C-D11F1172BC0E}.Debug|Any CPU.ActiveCfg = Debug|x86
		{40D01DD9-7A4C-4E5B-969C-D11F1172BC0E}.Debug|Any CPU.Build.0 = Debug|x86
		{40D01DD9-7A4C-4E5B-969C-D11F1172BC0E}.Debug|x86.ActiveCfg = Debug|x86
		{40D01DD9-7A4C-4E5B-969C-D11F1172BC0E}.Debug|x86.Build.0 = Debug|x86
		{40D01DD9-7A4C-4E5B-969C-D11F1172BC0E}.Release|Any CPU.ActiveCfg = Release|x86
		{40D01DD9-7A4C-4E5B-969C-D11F1172BC0E}.Release|Any CPU.Build.0 = Release|x86
		{40D01DD9-7A4C-4E5B-969C-D11F1172BC0E}.Release|x86.ActiveCfg = Release|x86
		{40D01DD9-7A4C-4E5B-969C-D11F1172BC0E}.Release|x86.Build.0 = Release|x86
	EndGlobalSection
	GlobalSection(MonoDevelopProperties) = preSolution
		StartupItem = ..\..\..\Projects\BSPTest\BSPTest\BSPTest.csproj
	EndGlobalSection
EndGlobal
